
Microsoft Visual Studio Solution File, Format Version 12.00
# Visual Studio Version 17
VisualStudioVersion = 17.14.36127.28 d17.14
MinimumVisualStudioVersion = 10.0.40219.1
Project("{FAE04EC0-301F-11D3-BF4B-00C04F79EFBC}") = "asp.net_webapp", "asp.net_webapp\asp.net_webapp.csproj", "{52070C72-776E-4A61-8B35-7C127C22097F}"
EndProject
Global
	GlobalSection(SolutionConfigurationPlatforms) = preSolution
		Debug|Any CPU = Debug|Any CPU
		Release|Any CPU = Release|Any CPU
	EndGlobalSection
	GlobalSection(ProjectConfigurationPlatforms) = postSolution
		{52070C72-776E-4A61-8B35-7C127C22097F}.Debug|Any CPU.ActiveCfg = Debug|Any CPU
		{52070C72-776E-4A61-8B35-7C127C22097F}.Debug|Any CPU.Build.0 = Debug|Any CPU
		{52070C72-776E-4A61-8B35-7C127C22097F}.Release|Any CPU.ActiveCfg = Release|Any CPU
		{52070C72-776E-4A61-8B35-7C127C22097F}.Release|Any CPU.Build.0 = Release|Any CPU
	EndGlobalSection
	GlobalSection(SolutionProperties) = preSolution
		HideSolutionNode = FALSE
	EndGlobalSection
	GlobalSection(ExtensibilityGlobals) = postSolution
		SolutionGuid = {D910B8C2-89FE-496D-B139-22274F13EA55}
	EndGlobalSection
EndGlobal
